
Microsoft Visual Studio Solution File, Format Version 12.00
# Visual Studio Version 17
VisualStudioVersion = 17.4.33110.190
MinimumVisualStudioVersion = 10.0.40219.1
Project("{9A19103F-16F7-4668-BE54-9A1E7A4F7556}") = "Day_01", "Day_01\Day_01.csproj", "{351B199F-6A4C-407E-966B-DEA141E8B90A}"
EndProject
Project("{9A19103F-16F7-4668-BE54-9A1E7A4F7556}") = "Day_02", "Day_02\Day_02.csproj", "{8B2F988F-F425-4D75-A671-9B8F017ABF40}"
EndProject
Project("{9A19103F-16F7-4668-BE54-9A1E7A4F7556}") = "Day_03", "Day_03\Day_03.csproj", "{8461C53C-7B62-4840-9A60-16BA1427500F}"
EndProject
Project("{9A19103F-16F7-4668-BE54-9A1E7A4F7556}") = "Day_04", "Day_04\Day_04.csproj", "{0A5FE10D-D691-49F5-BC28-24DC20912BD3}"
EndProject
Project("{9A19103F-16F7-4668-BE54-9A1E7A4F7556}") = "Day_05", "Day_05\Day_05.csproj", "{AA9AC3E3-E83B-48AA-9997-7B149B93D2AF}"
EndProject
Project("{9A19103F-16F7-4668-BE54-9A1E7A4F7556}") = "Day_06", "Day_06\Day_06.csproj", "{BF0CB780-9923-4918-9F11-A1BC19CA00E3}"
EndProject
Project("{9A19103F-16F7-4668-BE54-9A1E7A4F7556}") = "Day_07", "Day_07\Day_07.csproj", "{CB21E47B-8E49-4101-9541-6D493C4BB8FE}"
EndProject
Project("{9A19103F-16F7-4668-BE54-9A1E7A4F7556}") = "Day_08", "Day_08\Day_08.csproj", "{4A2EB3C0-0462-4BA4-BD05-FDDEE14D000B}"
EndProject
Project("{9A19103F-16F7-4668-BE54-9A1E7A4F7556}") = "Day_09", "Day_09\Day_09.csproj", "{F0C6E63C-11AE-4126-B034-541E9E27F1D3}"
EndProject
Project("{9A19103F-16F7-4668-BE54-9A1E7A4F7556}") = "Day_10", "Day_10\Day_10.csproj", "{3E45506D-CFB4-4C7E-8541-B20F53D74A1C}"
EndProject
Project("{9A19103F-16F7-4668-BE54-9A1E7A4F7556}") = "Day_11", "Day_11\Day_11.csproj", "{DA889590-2671-4676-89FC-2DA555FE8371}"
EndProject
Project("{FAE04EC0-301F-11D3-BF4B-00C04F79EFBC}") = "Day_12", "Day_12\Day_12.csproj", "{B94345DE-59CB-4776-9460-216A6463BFA7}"
EndProject
Global
	GlobalSection(SolutionConfigurationPlatforms) = preSolution
		Debug|Any CPU = Debug|Any CPU
		Release|Any CPU = Release|Any CPU
	EndGlobalSection
	GlobalSection(ProjectConfigurationPlatforms) = postSolution
		{351B199F-6A4C-407E-966B-DEA141E8B90A}.Debug|Any CPU.ActiveCfg = Debug|Any CPU
		{351B199F-6A4C-407E-966B-DEA141E8B90A}.Debug|Any CPU.Build.0 = Debug|Any CPU
		{351B199F-6A4C-407E-966B-DEA141E8B90A}.Release|Any CPU.ActiveCfg = Release|Any CPU
		{351B199F-6A4C-407E-966B-DEA141E8B90A}.Release|Any CPU.Build.0 = Release|Any CPU
		{8B2F988F-F425-4D75-A671-9B8F017ABF40}.Debug|Any CPU.ActiveCfg = Debug|Any CPU
		{8B2F988F-F425-4D75-A671-9B8F017ABF40}.Debug|Any CPU.Build.0 = Debug|Any CPU
		{8B2F988F-F425-4D75-A671-9B8F017ABF40}.Release|Any CPU.ActiveCfg = Release|Any CPU
		{8B2F988F-F425-4D75-A671-9B8F017ABF40}.Release|Any CPU.Build.0 = Release|Any CPU
		{8461C53C-7B62-4840-9A60-16BA1427500F}.Debug|Any CPU.ActiveCfg = Debug|Any CPU
		{8461C53C-7B62-4840-9A60-16BA1427500F}.Debug|Any CPU.Build.0 = Debug|Any CPU
		{8461C53C-7B62-4840-9A60-16BA1427500F}.Release|Any CPU.ActiveCfg = Release|Any CPU
		{8461C53C-7B62-4840-9A60-16BA1427500F}.Release|Any CPU.Build.0 = Release|Any CPU
		{0A5FE10D-D691-49F5-BC28-24DC20912BD3}.Debug|Any CPU.ActiveCfg = Debug|Any CPU
		{0A5FE10D-D691-49F5-BC28-24DC20912BD3}.Debug|Any CPU.Build.0 = Debug|Any CPU
		{0A5FE10D-D691-49F5-BC28-24DC20912BD3}.Release|Any CPU.ActiveCfg = Release|Any CPU
		{0A5FE10D-D691-49F5-BC28-24DC20912BD3}.Release|Any CPU.Build.0 = Release|Any CPU
		{AA9AC3E3-E83B-48AA-9997-7B149B93D2AF}.Debug|Any CPU.ActiveCfg = Debug|Any CPU
		{AA9AC3E3-E83B-48AA-9997-7B149B93D2AF}.Debug|Any CPU.Build.0 = Debug|Any CPU
		{AA9AC3E3-E83B-48AA-9997-7B149B93D2AF}.Release|Any CPU.ActiveCfg = Release|Any CPU
		{AA9AC3E3-E83B-48AA-9997-7B149B93D2AF}.Release|Any CPU.Build.0 = Release|Any CPU
		{BF0CB780-9923-4918-9F11-A1BC19CA00E3}.Debug|Any CPU.ActiveCfg = Debug|Any CPU
		{BF0CB780-9923-4918-9F11-A1BC19CA00E3}.Debug|Any CPU.Build.0 = Debug|Any CPU
		{BF0CB780-9923-4918-9F11-A1BC19CA00E3}.Release|Any CPU.ActiveCfg = Release|Any CPU
		{BF0CB780-9923-4918-9F11-A1BC19CA00E3}.Release|Any CPU.Build.0 = Release|Any CPU
		{CB21E47B-8E49-4101-9541-6D493C4BB8FE}.Debug|Any CPU.ActiveCfg = Debug|Any CPU
		{CB21E47B-8E49-4101-9541-6D493C4BB8FE}.Debug|Any CPU.Build.0 = Debug|Any CPU
		{CB21E47B-8E49-4101-9541-6D493C4BB8FE}.Release|Any CPU.ActiveCfg = Release|Any CPU
		{CB21E47B-8E49-4101-9541-6D493C4BB8FE}.Release|Any CPU.Build.0 = Release|Any CPU
		{4A2EB3C0-0462-4BA4-BD05-FDDEE14D000B}.Debug|Any CPU.ActiveCfg = Debug|Any CPU
		{4A2EB3C0-0462-4BA4-BD05-FDDEE14D000B}.Debug|Any CPU.Build.0 = Debug|Any CPU
		{4A2EB3C0-0462-4BA4-BD05-FDDEE14D000B}.Release|Any CPU.ActiveCfg = Release|Any CPU
		{4A2EB3C0-0462-4BA4-BD05-FDDEE14D000B}.Release|Any CPU.Build.0 = Release|Any CPU
		{F0C6E63C-11AE-4126-B034-541E9E27F1D3}.Debug|Any CPU.ActiveCfg = Debug|Any CPU
		{F0C6E63C-11AE-4126-B034-541E9E27F1D3}.Debug|Any CPU.Build.0 = Debug|Any CPU
		{F0C6E63C-11AE-4126-B034-541E9E27F1D3}.Release|Any CPU.ActiveCfg = Release|Any CPU
		{F0C6E63C-11AE-4126-B034-541E9E27F1D3}.Release|Any CPU.Build.0 = Release|Any CPU
		{3E45506D-CFB4-4C7E-8541-B20F53D74A1C}.Debug|Any CPU.ActiveCfg = Debug|Any CPU
		{3E45506D-CFB4-4C7E-8541-B20F53D74A1C}.Debug|Any CPU.Build.0 = Debug|Any CPU
		{3E45506D-CFB4-4C7E-8541-B20F53D74A1C}.Release|Any CPU.ActiveCfg = Release|Any CPU
		{3E45506D-CFB4-4C7E-8541-B20F53D74A1C}.Release|Any CPU.Build.0 = Release|Any CPU
		{DA889590-2671-4676-89FC-2DA555FE8371}.Debug|Any CPU.ActiveCfg = Debug|Any CPU
		{DA889590-2671-4676-89FC-2DA555FE8371}.Debug|Any CPU.Build.0 = Debug|Any CPU
		{DA889590-2671-4676-89FC-2DA555FE8371}.Release|Any CPU.ActiveCfg = Release|Any CPU
		{DA889590-2671-4676-89FC-2DA555FE8371}.Release|Any CPU.Build.0 = Release|Any CPU
		{B94345DE-59CB-4776-9460-216A6463BFA7}.Debug|Any CPU.ActiveCfg = Debug|Any CPU
		{B94345DE-59CB-4776-9460-216A6463BFA7}.Debug|Any CPU.Build.0 = Debug|Any CPU
		{B94345DE-59CB-4776-9460-216A6463BFA7}.Release|Any CPU.ActiveCfg = Release|Any CPU
		{B94345DE-59CB-4776-9460-216A6463BFA7}.Release|Any CPU.Build.0 = Release|Any CPU
	EndGlobalSection
	GlobalSection(SolutionProperties) = preSolution
		HideSolutionNode = FALSE
	EndGlobalSection
	GlobalSection(ExtensibilityGlobals) = postSolution
		SolutionGuid = {BA5B5666-105F-4A3A-989F-E3C82CE1D014}
	EndGlobalSection
EndGlobal
